
Microsoft Visual Studio Solution File, Format Version 12.00
# Visual Studio Version 17
VisualStudioVersion = 17.2.32526.322
MinimumVisualStudioVersion = 10.0.40219.1
Project("{9A19103F-16F7-4668-BE54-9A1E7A4F7556}") = "_4_Conversoes_e_outros_tipos_numericos", "_4_Conversoes_e_outros_tipos_numericos\_4_Conversoes_e_outros_tipos_numericos.csproj", "{72075C18-CE36-496D-A661-32C8B7AF2C02}"
EndProject
Project("{9A19103F-16F7-4668-BE54-9A1E7A4F7556}") = "ConversoesEOutrosTiposNumericos_Exercicio", "ConversoesEOutrosTiposNumericos_Exercicio\ConversoesEOutrosTiposNumericos_Exercicio.csproj", "{8A57E404-0DA6-424B-80DD-366C3D965674}"
EndProject
Project("{FAE04EC0-301F-11D3-BF4B-00C04F79EFBC}") = "_5_Caracteres_e_Textos", "_5_Caracteres_e_Textos\_5_Caracteres_e_Textos.csproj", "{C1663992-518B-4699-9AC5-F712700191D4}"
EndProject
Project("{FAE04EC0-301F-11D3-BF4B-00C04F79EFBC}") = "_5_Caracteres_e_Textos_Exercicio", "_5_Caracteres_e_Textos_Exercicio\_5_Caracteres_e_Textos_Exercicio.csproj", "{B63B7CCC-1294-4FAA-859F-01216FB2B190}"
EndProject
Global
	GlobalSection(SolutionConfigurationPlatforms) = preSolution
		Debug|Any CPU = Debug|Any CPU
		Release|Any CPU = Release|Any CPU
	EndGlobalSection
	GlobalSection(ProjectConfigurationPlatforms) = postSolution
		{72075C18-CE36-496D-A661-32C8B7AF2C02}.Debug|Any CPU.ActiveCfg = Debug|Any CPU
		{72075C18-CE36-496D-A661-32C8B7AF2C02}.Debug|Any CPU.Build.0 = Debug|Any CPU
		{72075C18-CE36-496D-A661-32C8B7AF2C02}.Release|Any CPU.ActiveCfg = Release|Any CPU
		{72075C18-CE36-496D-A661-32C8B7AF2C02}.Release|Any CPU.Build.0 = Release|Any CPU
		{8A57E404-0DA6-424B-80DD-366C3D965674}.Debug|Any CPU.ActiveCfg = Debug|Any CPU
		{8A57E404-0DA6-424B-80DD-366C3D965674}.Debug|Any CPU.Build.0 = Debug|Any CPU
		{8A57E404-0DA6-424B-80DD-366C3D965674}.Release|Any CPU.ActiveCfg = Release|Any CPU
		{8A57E404-0DA6-424B-80DD-366C3D965674}.Release|Any CPU.Build.0 = Release|Any CPU
		{C1663992-518B-4699-9AC5-F712700191D4}.Debug|Any CPU.ActiveCfg = Debug|Any CPU
		{C1663992-518B-4699-9AC5-F712700191D4}.Debug|Any CPU.Build.0 = Debug|Any CPU
		{C1663992-518B-4699-9AC5-F712700191D4}.Release|Any CPU.ActiveCfg = Release|Any CPU
		{C1663992-518B-4699-9AC5-F712700191D4}.Release|Any CPU.Build.0 = Release|Any CPU
		{B63B7CCC-1294-4FAA-859F-01216FB2B190}.Debug|Any CPU.ActiveCfg = Debug|Any CPU
		{B63B7CCC-1294-4FAA-859F-01216FB2B190}.Debug|Any CPU.Build.0 = Debug|Any CPU
		{B63B7CCC-1294-4FAA-859F-01216FB2B190}.Release|Any CPU.ActiveCfg = Release|Any CPU
		{B63B7CCC-1294-4FAA-859F-01216FB2B190}.Release|Any CPU.Build.0 = Release|Any CPU
	EndGlobalSection
	GlobalSection(SolutionProperties) = preSolution
		HideSolutionNode = FALSE
	EndGlobalSection
	GlobalSection(ExtensibilityGlobals) = postSolution
		SolutionGuid = {9CEAB525-9B76-4343-B890-48C8E84A76D4}
	EndGlobalSection
EndGlobal
