
Microsoft Visual Studio Solution File, Format Version 12.00
# Visual Studio Version 17
VisualStudioVersion = 17.2.32526.322
MinimumVisualStudioVersion = 10.0.40219.1
Project("{FAE04EC0-301F-11D3-BF4B-00C04F79EFBC}") = "2-CriandoVariaveis", "2-CriandoVariaveis\2-CriandoVariaveis.csproj", "{F029B407-C0CD-4555-9408-FCFCF9830DA8}"
EndProject
Project("{FAE04EC0-301F-11D3-BF4B-00C04F79EFBC}") = "CriandoVariaveis", "CriandoVariaveis\CriandoVariaveis.csproj", "{14240943-E2AB-461F-8DDF-4DC8163DFAFB}"
EndProject
Global
	GlobalSection(SolutionConfigurationPlatforms) = preSolution
		Debug|Any CPU = Debug|Any CPU
		Release|Any CPU = Release|Any CPU
	EndGlobalSection
	GlobalSection(ProjectConfigurationPlatforms) = postSolution
		{F029B407-C0CD-4555-9408-FCFCF9830DA8}.Debug|Any CPU.ActiveCfg = Debug|Any CPU
		{F029B407-C0CD-4555-9408-FCFCF9830DA8}.Debug|Any CPU.Build.0 = Debug|Any CPU
		{F029B407-C0CD-4555-9408-FCFCF9830DA8}.Release|Any CPU.ActiveCfg = Release|Any CPU
		{F029B407-C0CD-4555-9408-FCFCF9830DA8}.Release|Any CPU.Build.0 = Release|Any CPU
		{14240943-E2AB-461F-8DDF-4DC8163DFAFB}.Debug|Any CPU.ActiveCfg = Debug|Any CPU
		{14240943-E2AB-461F-8DDF-4DC8163DFAFB}.Debug|Any CPU.Build.0 = Debug|Any CPU
		{14240943-E2AB-461F-8DDF-4DC8163DFAFB}.Release|Any CPU.ActiveCfg = Release|Any CPU
		{14240943-E2AB-461F-8DDF-4DC8163DFAFB}.Release|Any CPU.Build.0 = Release|Any CPU
	EndGlobalSection
	GlobalSection(SolutionProperties) = preSolution
		HideSolutionNode = FALSE
	EndGlobalSection
	GlobalSection(ExtensibilityGlobals) = postSolution
		SolutionGuid = {8596F97A-B3DB-438B-A522-516561646DE6}
	EndGlobalSection
EndGlobal
